
Microsoft Visual Studio Solution File, Format Version 12.00
# Visual Studio Version 17
VisualStudioVersion = 17.0.31903.59
MinimumVisualStudioVersion = 10.0.40219.1
Project("{2150E333-8FDC-42A3-9474-1A3956D46DE8}") = "src", "src", "{827E0CD3-B72D-47B6-A68D-7590B98EB39B}"
EndProject
Project("{FAE04EC0-301F-11D3-BF4B-00C04F79EFBC}") = "Aurora.SharedKernel", "src\Aurora.SharedKernel\Aurora.SharedKernel.csproj", "{132C25A7-88BD-4BF2-B341-7473AAEF93CD}"
EndProject
Project("{FAE04EC0-301F-11D3-BF4B-00C04F79EFBC}") = "Aurora.Documents.Canonical", "src\Aurora.Documents.Canonical\Aurora.Documents.Canonical.csproj", "{3962C368-5992-4442-BAFC-1595E271C256}"
EndProject
Project("{FAE04EC0-301F-11D3-BF4B-00C04F79EFBC}") = "Aurora.Countries.Contracts", "src\Aurora.Countries.Contracts\Aurora.Countries.Contracts.csproj", "{25000F43-7AF1-4CFB-A32B-D0D9533A7BA9}"
EndProject
Project("{2150E333-8FDC-42A3-9474-1A3956D46DE8}") = "hosts", "hosts", "{C79C3622-AC92-5B3C-4F71-0BD0E7B3816F}"
EndProject
Project("{FAE04EC0-301F-11D3-BF4B-00C04F79EFBC}") = "Aurora.Composition", "src\hosts\Aurora.Composition\Aurora.Composition.csproj", "{17D1DEB9-CC4E-49D7-A23D-5DDD4086005F}"
EndProject
Project("{FAE04EC0-301F-11D3-BF4B-00C04F79EFBC}") = "Aurora.Web", "src\hosts\Aurora.Web\Aurora.Web.csproj", "{7913BCA9-C10B-42B7-A9B8-76EC63EE6CCC}"
EndProject
Project("{FAE04EC0-301F-11D3-BF4B-00C04F79EFBC}") = "Aurora.Worker", "src\hosts\Aurora.Worker\Aurora.Worker.csproj", "{DF88CFC3-B7E0-46C9-BAF0-AE3907DF9D2A}"
EndProject
Project("{2150E333-8FDC-42A3-9474-1A3956D46DE8}") = "tests", "tests", "{0AB3BF05-4346-4AA6-1389-037BE0695223}"
EndProject
Project("{FAE04EC0-301F-11D3-BF4B-00C04F79EFBC}") = "Aurora.TestKit", "tests\Aurora.TestKit\Aurora.TestKit.csproj", "{72434CBA-CD19-4612-AEEA-507A2559D1B7}"
EndProject
Project("{FAE04EC0-301F-11D3-BF4B-00C04F79EFBC}") = "Aurora.Architecture.Tests", "tests\Aurora.Architecture.Tests\Aurora.Architecture.Tests.csproj", "{4B995864-B4DF-4954-83F6-A3BD8BA928A0}"
EndProject
Project("{2150E333-8FDC-42A3-9474-1A3956D46DE8}") = "ui", "ui", "{C60F31D8-8C1F-EC92-E90D-A37B49B11DC6}"
EndProject
Project("{FAE04EC0-301F-11D3-BF4B-00C04F79EFBC}") = "Aurora.Web.ComponentTests", "tests\ui\Aurora.Web.ComponentTests\Aurora.Web.ComponentTests.csproj", "{897EA0C6-4A94-4857-9461-B4D3744532A2}"
EndProject
Project("{2150E333-8FDC-42A3-9474-1A3956D46DE8}") = "unit", "unit", "{9D556B49-86D1-93A7-9596-FFAAB74EC556}"
EndProject
Project("{FAE04EC0-301F-11D3-BF4B-00C04F79EFBC}") = "Aurora.SharedKernel.UnitTests", "tests\unit\Aurora.SharedKernel.UnitTests\Aurora.SharedKernel.UnitTests.csproj", "{D494610E-4B10-4067-9461-EF8407BEA8BD}"
EndProject
Project("{FAE04EC0-301F-11D3-BF4B-00C04F79EFBC}") = "Aurora.Countries.Hosting", "src\Aurora.Countries.Hosting\Aurora.Countries.Hosting.csproj", "{9C6D0C53-E9CC-4BD4-9C8B-EA1F453B5F61}"
EndProject
Project("{FAE04EC0-301F-11D3-BF4B-00C04F79EFBC}") = "Aurora.Countries.Contracts.UnitTests", "tests\unit\Aurora.Countries.Contracts.UnitTests\Aurora.Countries.Contracts.UnitTests.csproj", "{5B1F52AB-7EDD-45ED-AE6F-E6501CD55288}"
EndProject
Project("{FAE04EC0-301F-11D3-BF4B-00C04F79EFBC}") = "Aurora.Countries.Hosting.UnitTests", "tests\unit\Aurora.Countries.Hosting.UnitTests\Aurora.Countries.Hosting.UnitTests.csproj", "{F21FBDEF-1FB0-4296-B225-8440D65A518D}"
EndProject
Project("{FAE04EC0-301F-11D3-BF4B-00C04F79EFBC}") = "Aurora.Countries.TestPackage", "tests\fixtures\Aurora.Countries.TestPackage\Aurora.Countries.TestPackage.csproj", "{C61ABB8F-D0FA-45C7-AB75-DF48BFD31900}"
EndProject
Global
	GlobalSection(SolutionConfigurationPlatforms) = preSolution
		Debug|Any CPU = Debug|Any CPU
		Debug|x64 = Debug|x64
		Debug|x86 = Debug|x86
		Release|Any CPU = Release|Any CPU
		Release|x64 = Release|x64
		Release|x86 = Release|x86
	EndGlobalSection
	GlobalSection(ProjectConfigurationPlatforms) = postSolution
		{132C25A7-88BD-4BF2-B341-7473AAEF93CD}.Debug|Any CPU.ActiveCfg = Debug|Any CPU
		{132C25A7-88BD-4BF2-B341-7473AAEF93CD}.Debug|Any CPU.Build.0 = Debug|Any CPU
		{132C25A7-88BD-4BF2-B341-7473AAEF93CD}.Debug|x64.ActiveCfg = Debug|Any CPU
		{132C25A7-88BD-4BF2-B341-7473AAEF93CD}.Debug|x64.Build.0 = Debug|Any CPU
		{132C25A7-88BD-4BF2-B341-7473AAEF93CD}.Debug|x86.ActiveCfg = Debug|Any CPU
		{132C25A7-88BD-4BF2-B341-7473AAEF93CD}.Debug|x86.Build.0 = Debug|Any CPU
		{132C25A7-88BD-4BF2-B341-7473AAEF93CD}.Release|Any CPU.ActiveCfg = Release|Any CPU
		{132C25A7-88BD-4BF2-B341-7473AAEF93CD}.Release|Any CPU.Build.0 = Release|Any CPU
		{132C25A7-88BD-4BF2-B341-7473AAEF93CD}.Release|x64.ActiveCfg = Release|Any CPU
		{132C25A7-88BD-4BF2-B341-7473AAEF93CD}.Release|x64.Build.0 = Release|Any CPU
		{132C25A7-88BD-4BF2-B341-7473AAEF93CD}.Release|x86.ActiveCfg = Release|Any CPU
		{132C25A7-88BD-4BF2-B341-7473AAEF93CD}.Release|x86.Build.0 = Release|Any CPU
		{3962C368-5992-4442-BAFC-1595E271C256}.Debug|Any CPU.ActiveCfg = Debug|Any CPU
		{3962C368-5992-4442-BAFC-1595E271C256}.Debug|Any CPU.Build.0 = Debug|Any CPU
		{3962C368-5992-4442-BAFC-1595E271C256}.Debug|x64.ActiveCfg = Debug|Any CPU
		{3962C368-5992-4442-BAFC-1595E271C256}.Debug|x64.Build.0 = Debug|Any CPU
		{3962C368-5992-4442-BAFC-1595E271C256}.Debug|x86.ActiveCfg = Debug|Any CPU
		{3962C368-5992-4442-BAFC-1595E271C256}.Debug|x86.Build.0 = Debug|Any CPU
		{3962C368-5992-4442-BAFC-1595E271C256}.Release|Any CPU.ActiveCfg = Release|Any CPU
		{3962C368-5992-4442-BAFC-1595E271C256}.Release|Any CPU.Build.0 = Release|Any CPU
		{3962C368-5992-4442-BAFC-1595E271C256}.Release|x64.ActiveCfg = Release|Any CPU
		{3962C368-5992-4442-BAFC-1595E271C256}.Release|x64.Build.0 = Release|Any CPU
		{3962C368-5992-4442-BAFC-1595E271C256}.Release|x86.ActiveCfg = Release|Any CPU
		{3962C368-5992-4442-BAFC-1595E271C256}.Release|x86.Build.0 = Release|Any CPU
		{25000F43-7AF1-4CFB-A32B-D0D9533A7BA9}.Debug|Any CPU.ActiveCfg = Debug|Any CPU
		{25000F43-7AF1-4CFB-A32B-D0D9533A7BA9}.Debug|Any CPU.Build.0 = Debug|Any CPU
		{25000F43-7AF1-4CFB-A32B-D0D9533A7BA9}.Debug|x64.ActiveCfg = Debug|Any CPU
		{25000F43-7AF1-4CFB-A32B-D0D9533A7BA9}.Debug|x64.Build.0 = Debug|Any CPU
		{25000F43-7AF1-4CFB-A32B-D0D9533A7BA9}.Debug|x86.ActiveCfg = Debug|Any CPU
		{25000F43-7AF1-4CFB-A32B-D0D9533A7BA9}.Debug|x86.Build.0 = Debug|Any CPU
		{25000F43-7AF1-4CFB-A32B-D0D9533A7BA9}.Release|Any CPU.ActiveCfg = Release|Any CPU
		{25000F43-7AF1-4CFB-A32B-D0D9533A7BA9}.Release|Any CPU.Build.0 = Release|Any CPU
		{25000F43-7AF1-4CFB-A32B-D0D9533A7BA9}.Release|x64.ActiveCfg = Release|Any CPU
		{25000F43-7AF1-4CFB-A32B-D0D9533A7BA9}.Release|x64.Build.0 = Release|Any CPU
		{25000F43-7AF1-4CFB-A32B-D0D9533A7BA9}.Release|x86.ActiveCfg = Release|Any CPU
		{25000F43-7AF1-4CFB-A32B-D0D9533A7BA9}.Release|x86.Build.0 = Release|Any CPU
		{17D1DEB9-CC4E-49D7-A23D-5DDD4086005F}.Debug|Any CPU.ActiveCfg = Debug|Any CPU
		{17D1DEB9-CC4E-49D7-A23D-5DDD4086005F}.Debug|Any CPU.Build.0 = Debug|Any CPU
		{17D1DEB9-CC4E-49D7-A23D-5DDD4086005F}.Debug|x64.ActiveCfg = Debug|Any CPU
		{17D1DEB9-CC4E-49D7-A23D-5DDD4086005F}.Debug|x64.Build.0 = Debug|Any CPU
		{17D1DEB9-CC4E-49D7-A23D-5DDD4086005F}.Debug|x86.ActiveCfg = Debug|Any CPU
		{17D1DEB9-CC4E-49D7-A23D-5DDD4086005F}.Debug|x86.Build.0 = Debug|Any CPU
		{17D1DEB9-CC4E-49D7-A23D-5DDD4086005F}.Release|Any CPU.ActiveCfg = Release|Any CPU
		{17D1DEB9-CC4E-49D7-A23D-5DDD4086005F}.Release|Any CPU.Build.0 = Release|Any CPU
		{17D1DEB9-CC4E-49D7-A23D-5DDD4086005F}.Release|x64.ActiveCfg = Release|Any CPU
		{17D1DEB9-CC4E-49D7-A23D-5DDD4086005F}.Release|x64.Build.0 = Release|Any CPU
		{17D1DEB9-CC4E-49D7-A23D-5DDD4086005F}.Release|x86.ActiveCfg = Release|Any CPU
		{17D1DEB9-CC4E-49D7-A23D-5DDD4086005F}.Release|x86.Build.0 = Release|Any CPU
		{7913BCA9-C10B-42B7-A9B8-76EC63EE6CCC}.Debug|Any CPU.ActiveCfg = Debug|Any CPU
		{7913BCA9-C10B-42B7-A9B8-76EC63EE6CCC}.Debug|Any CPU.Build.0 = Debug|Any CPU
		{7913BCA9-C10B-42B7-A9B8-76EC63EE6CCC}.Debug|x64.ActiveCfg = Debug|Any CPU
		{7913BCA9-C10B-42B7-A9B8-76EC63EE6CCC}.Debug|x64.Build.0 = Debug|Any CPU
		{7913BCA9-C10B-42B7-A9B8-76EC63EE6CCC}.Debug|x86.ActiveCfg = Debug|Any CPU
		{7913BCA9-C10B-42B7-A9B8-76EC63EE6CCC}.Debug|x86.Build.0 = Debug|Any CPU
		{7913BCA9-C10B-42B7-A9B8-76EC63EE6CCC}.Release|Any CPU.ActiveCfg = Release|Any CPU
		{7913BCA9-C10B-42B7-A9B8-76EC63EE6CCC}.Release|Any CPU.Build.0 = Release|Any CPU
		{7913BCA9-C10B-42B7-A9B8-76EC63EE6CCC}.Release|x64.ActiveCfg = Release|Any CPU
		{7913BCA9-C10B-42B7-A9B8-76EC63EE6CCC}.Release|x64.Build.0 = Release|Any CPU
		{7913BCA9-C10B-42B7-A9B8-76EC63EE6CCC}.Release|x86.ActiveCfg = Release|Any CPU
		{7913BCA9-C10B-42B7-A9B8-76EC63EE6CCC}.Release|x86.Build.0 = Release|Any CPU
		{DF88CFC3-B7E0-46C9-BAF0-AE3907DF9D2A}.Debug|Any CPU.ActiveCfg = Debug|Any CPU
		{DF88CFC3-B7E0-46C9-BAF0-AE3907DF9D2A}.Debug|Any CPU.Build.0 = Debug|Any CPU
		{DF88CFC3-B7E0-46C9-BAF0-AE3907DF9D2A}.Debug|x64.ActiveCfg = Debug|Any CPU
		{DF88CFC3-B7E0-46C9-BAF0-AE3907DF9D2A}.Debug|x64.Build.0 = Debug|Any CPU
		{DF88CFC3-B7E0-46C9-BAF0-AE3907DF9D2A}.Debug|x86.ActiveCfg = Debug|Any CPU
		{DF88CFC3-B7E0-46C9-BAF0-AE3907DF9D2A}.Debug|x86.Build.0 = Debug|Any CPU
		{DF88CFC3-B7E0-46C9-BAF0-AE3907DF9D2A}.Release|Any CPU.ActiveCfg = Release|Any CPU
		{DF88CFC3-B7E0-46C9-BAF0-AE3907DF9D2A}.Release|Any CPU.Build.0 = Release|Any CPU
		{DF88CFC3-B7E0-46C9-BAF0-AE3907DF9D2A}.Release|x64.ActiveCfg = Release|Any CPU
		{DF88CFC3-B7E0-46C9-BAF0-AE3907DF9D2A}.Release|x64.Build.0 = Release|Any CPU
		{DF88CFC3-B7E0-46C9-BAF0-AE3907DF9D2A}.Release|x86.ActiveCfg = Release|Any CPU
		{DF88CFC3-B7E0-46C9-BAF0-AE3907DF9D2A}.Release|x86.Build.0 = Release|Any CPU
		{72434CBA-CD19-4612-AEEA-507A2559D1B7}.Debug|Any CPU.ActiveCfg = Debug|Any CPU
		{72434CBA-CD19-4612-AEEA-507A2559D1B7}.Debug|Any CPU.Build.0 = Debug|Any CPU
		{72434CBA-CD19-4612-AEEA-507A2559D1B7}.Debug|x64.ActiveCfg = Debug|Any CPU
		{72434CBA-CD19-4612-AEEA-507A2559D1B7}.Debug|x64.Build.0 = Debug|Any CPU
		{72434CBA-CD19-4612-AEEA-507A2559D1B7}.Debug|x86.ActiveCfg = Debug|Any CPU
		{72434CBA-CD19-4612-AEEA-507A2559D1B7}.Debug|x86.Build.0 = Debug|Any CPU
		{72434CBA-CD19-4612-AEEA-507A2559D1B7}.Release|Any CPU.ActiveCfg = Release|Any CPU
		{72434CBA-CD19-4612-AEEA-507A2559D1B7}.Release|Any CPU.Build.0 = Release|Any CPU
		{72434CBA-CD19-4612-AEEA-507A2559D1B7}.Release|x64.ActiveCfg = Release|Any CPU
		{72434CBA-CD19-4612-AEEA-507A2559D1B7}.Release|x64.Build.0 = Release|Any CPU
		{72434CBA-CD19-4612-AEEA-507A2559D1B7}.Release|x86.ActiveCfg = Release|Any CPU
		{72434CBA-CD19-4612-AEEA-507A2559D1B7}.Release|x86.Build.0 = Release|Any CPU
		{4B995864-B4DF-4954-83F6-A3BD8BA928A0}.Debug|Any CPU.ActiveCfg = Debug|Any CPU
		{4B995864-B4DF-4954-83F6-A3BD8BA928A0}.Debug|Any CPU.Build.0 = Debug|Any CPU
		{4B995864-B4DF-4954-83F6-A3BD8BA928A0}.Debug|x64.ActiveCfg = Debug|Any CPU
		{4B995864-B4DF-4954-83F6-A3BD8BA928A0}.Debug|x64.Build.0 = Debug|Any CPU
		{4B995864-B4DF-4954-83F6-A3BD8BA928A0}.Debug|x86.ActiveCfg = Debug|Any CPU
		{4B995864-B4DF-4954-83F6-A3BD8BA928A0}.Debug|x86.Build.0 = Debug|Any CPU
		{4B995864-B4DF-4954-83F6-A3BD8BA928A0}.Release|Any CPU.ActiveCfg = Release|Any CPU
		{4B995864-B4DF-4954-83F6-A3BD8BA928A0}.Release|Any CPU.Build.0 = Release|Any CPU
		{4B995864-B4DF-4954-83F6-A3BD8BA928A0}.Release|x64.ActiveCfg = Release|Any CPU
		{4B995864-B4DF-4954-83F6-A3BD8BA928A0}.Release|x64.Build.0 = Release|Any CPU
		{4B995864-B4DF-4954-83F6-A3BD8BA928A0}.Release|x86.ActiveCfg = Release|Any CPU
		{4B995864-B4DF-4954-83F6-A3BD8BA928A0}.Release|x86.Build.0 = Release|Any CPU
		{897EA0C6-4A94-4857-9461-B4D3744532A2}.Debug|Any CPU.ActiveCfg = Debug|Any CPU
		{897EA0C6-4A94-4857-9461-B4D3744532A2}.Debug|Any CPU.Build.0 = Debug|Any CPU
		{897EA0C6-4A94-4857-9461-B4D3744532A2}.Debug|x64.ActiveCfg = Debug|Any CPU
		{897EA0C6-4A94-4857-9461-B4D3744532A2}.Debug|x64.Build.0 = Debug|Any CPU
		{897EA0C6-4A94-4857-9461-B4D3744532A2}.Debug|x86.ActiveCfg = Debug|Any CPU
		{897EA0C6-4A94-4857-9461-B4D3744532A2}.Debug|x86.Build.0 = Debug|Any CPU
		{897EA0C6-4A94-4857-9461-B4D3744532A2}.Release|Any CPU.ActiveCfg = Release|Any CPU
		{897EA0C6-4A94-4857-9461-B4D3744532A2}.Release|Any CPU.Build.0 = Release|Any CPU
		{897EA0C6-4A94-4857-9461-B4D3744532A2}.Release|x64.ActiveCfg = Release|Any CPU
		{897EA0C6-4A94-4857-9461-B4D3744532A2}.Release|x64.Build.0 = Release|Any CPU
		{897EA0C6-4A94-4857-9461-B4D3744532A2}.Release|x86.ActiveCfg = Release|Any CPU
		{897EA0C6-4A94-4857-9461-B4D3744532A2}.Release|x86.Build.0 = Release|Any CPU
		{D494610E-4B10-4067-9461-EF8407BEA8BD}.Debug|Any CPU.ActiveCfg = Debug|Any CPU
		{D494610E-4B10-4067-9461-EF8407BEA8BD}.Debug|Any CPU.Build.0 = Debug|Any CPU
		{D494610E-4B10-4067-9461-EF8407BEA8BD}.Debug|x64.ActiveCfg = Debug|Any CPU
		{D494610E-4B10-4067-9461-EF8407BEA8BD}.Debug|x64.Build.0 = Debug|Any CPU
		{D494610E-4B10-4067-9461-EF8407BEA8BD}.Debug|x86.ActiveCfg = Debug|Any CPU
		{D494610E-4B10-4067-9461-EF8407BEA8BD}.Debug|x86.Build.0 = Debug|Any CPU
		{D494610E-4B10-4067-9461-EF8407BEA8BD}.Release|Any CPU.ActiveCfg = Release|Any CPU
		{D494610E-4B10-4067-9461-EF8407BEA8BD}.Release|Any CPU.Build.0 = Release|Any CPU
		{D494610E-4B10-4067-9461-EF8407BEA8BD}.Release|x64.ActiveCfg = Release|Any CPU
		{D494610E-4B10-4067-9461-EF8407BEA8BD}.Release|x64.Build.0 = Release|Any CPU
		{D494610E-4B10-4067-9461-EF8407BEA8BD}.Release|x86.ActiveCfg = Release|Any CPU
		{D494610E-4B10-4067-9461-EF8407BEA8BD}.Release|x86.Build.0 = Release|Any CPU
		{9C6D0C53-E9CC-4BD4-9C8B-EA1F453B5F61}.Debug|Any CPU.ActiveCfg = Debug|Any CPU
		{9C6D0C53-E9CC-4BD4-9C8B-EA1F453B5F61}.Debug|Any CPU.Build.0 = Debug|Any CPU
		{9C6D0C53-E9CC-4BD4-9C8B-EA1F453B5F61}.Debug|x64.ActiveCfg = Debug|Any CPU
		{9C6D0C53-E9CC-4BD4-9C8B-EA1F453B5F61}.Debug|x64.Build.0 = Debug|Any CPU
		{9C6D0C53-E9CC-4BD4-9C8B-EA1F453B5F61}.Debug|x86.ActiveCfg = Debug|Any CPU
		{9C6D0C53-E9CC-4BD4-9C8B-EA1F453B5F61}.Debug|x86.Build.0 = Debug|Any CPU
		{9C6D0C53-E9CC-4BD4-9C8B-EA1F453B5F61}.Release|Any CPU.ActiveCfg = Release|Any CPU
		{9C6D0C53-E9CC-4BD4-9C8B-EA1F453B5F61}.Release|Any CPU.Build.0 = Release|Any CPU
		{9C6D0C53-E9CC-4BD4-9C8B-EA1F453B5F61}.Release|x64.ActiveCfg = Release|Any CPU
		{9C6D0C53-E9CC-4BD4-9C8B-EA1F453B5F61}.Release|x64.Build.0 = Release|Any CPU
		{9C6D0C53-E9CC-4BD4-9C8B-EA1F453B5F61}.Release|x86.ActiveCfg = Release|Any CPU
		{9C6D0C53-E9CC-4BD4-9C8B-EA1F453B5F61}.Release|x86.Build.0 = Release|Any CPU
		{5B1F52AB-7EDD-45ED-AE6F-E6501CD55288}.Debug|Any CPU.ActiveCfg = Debug|Any CPU
		{5B1F52AB-7EDD-45ED-AE6F-E6501CD55288}.Debug|Any CPU.Build.0 = Debug|Any CPU
		{5B1F52AB-7EDD-45ED-AE6F-E6501CD55288}.Debug|x64.ActiveCfg = Debug|Any CPU
		{5B1F52AB-7EDD-45ED-AE6F-E6501CD55288}.Debug|x64.Build.0 = Debug|Any CPU
		{5B1F52AB-7EDD-45ED-AE6F-E6501CD55288}.Debug|x86.ActiveCfg = Debug|Any CPU
		{5B1F52AB-7EDD-45ED-AE6F-E6501CD55288}.Debug|x86.Build.0 = Debug|Any CPU
		{5B1F52AB-7EDD-45ED-AE6F-E6501CD55288}.Release|Any CPU.ActiveCfg = Release|Any CPU
		{5B1F52AB-7EDD-45ED-AE6F-E6501CD55288}.Release|Any CPU.Build.0 = Release|Any CPU
		{5B1F52AB-7EDD-45ED-AE6F-E6501CD55288}.Release|x64.ActiveCfg = Release|Any CPU
		{5B1F52AB-7EDD-45ED-AE6F-E6501CD55288}.Release|x64.Build.0 = Release|Any CPU
		{5B1F52AB-7EDD-45ED-AE6F-E6501CD55288}.Release|x86.ActiveCfg = Release|Any CPU
		{5B1F52AB-7EDD-45ED-AE6F-E6501CD55288}.Release|x86.Build.0 = Release|Any CPU
		{F21FBDEF-1FB0-4296-B225-8440D65A518D}.Debug|Any CPU.ActiveCfg = Debug|Any CPU
		{F21FBDEF-1FB0-4296-B225-8440D65A518D}.Debug|Any CPU.Build.0 = Debug|Any CPU
		{F21FBDEF-1FB0-4296-B225-8440D65A518D}.Debug|x64.ActiveCfg = Debug|Any CPU
		{F21FBDEF-1FB0-4296-B225-8440D65A518D}.Debug|x64.Build.0 = Debug|Any CPU
		{F21FBDEF-1FB0-4296-B225-8440D65A518D}.Debug|x86.ActiveCfg = Debug|Any CPU
		{F21FBDEF-1FB0-4296-B225-8440D65A518D}.Debug|x86.Build.0 = Debug|Any CPU
		{F21FBDEF-1FB0-4296-B225-8440D65A518D}.Release|Any CPU.ActiveCfg = Release|Any CPU
		{F21FBDEF-1FB0-4296-B225-8440D65A518D}.Release|Any CPU.Build.0 = Release|Any CPU
		{F21FBDEF-1FB0-4296-B225-8440D65A518D}.Release|x64.ActiveCfg = Release|Any CPU
		{F21FBDEF-1FB0-4296-B225-8440D65A518D}.Release|x64.Build.0 = Release|Any CPU
		{F21FBDEF-1FB0-4296-B225-8440D65A518D}.Release|x86.ActiveCfg = Release|Any CPU
		{F21FBDEF-1FB0-4296-B225-8440D65A518D}.Release|x86.Build.0 = Release|Any CPU
		{C61ABB8F-D0FA-45C7-AB75-DF48BFD31900}.Debug|Any CPU.ActiveCfg = Debug|Any CPU
		{C61ABB8F-D0FA-45C7-AB75-DF48BFD31900}.Debug|Any CPU.Build.0 = Debug|Any CPU
		{C61ABB8F-D0FA-45C7-AB75-DF48BFD31900}.Debug|x64.ActiveCfg = Debug|Any CPU
		{C61ABB8F-D0FA-45C7-AB75-DF48BFD31900}.Debug|x64.Build.0 = Debug|Any CPU
		{C61ABB8F-D0FA-45C7-AB75-DF48BFD31900}.Debug|x86.ActiveCfg = Debug|Any CPU
		{C61ABB8F-D0FA-45C7-AB75-DF48BFD31900}.Debug|x86.Build.0 = Debug|Any CPU
		{C61ABB8F-D0FA-45C7-AB75-DF48BFD31900}.Release|Any CPU.ActiveCfg = Release|Any CPU
		{C61ABB8F-D0FA-45C7-AB75-DF48BFD31900}.Release|Any CPU.Build.0 = Release|Any CPU
		{C61ABB8F-D0FA-45C7-AB75-DF48BFD31900}.Release|x64.ActiveCfg = Release|Any CPU
		{C61ABB8F-D0FA-45C7-AB75-DF48BFD31900}.Release|x64.Build.0 = Release|Any CPU
		{C61ABB8F-D0FA-45C7-AB75-DF48BFD31900}.Release|x86.ActiveCfg = Release|Any CPU
		{C61ABB8F-D0FA-45C7-AB75-DF48BFD31900}.Release|x86.Build.0 = Release|Any CPU
	EndGlobalSection
	GlobalSection(SolutionProperties) = preSolution
		HideSolutionNode = FALSE
	EndGlobalSection
	GlobalSection(NestedProjects) = preSolution
		{132C25A7-88BD-4BF2-B341-7473AAEF93CD} = {827E0CD3-B72D-47B6-A68D-7590B98EB39B}
		{3962C368-5992-4442-BAFC-1595E271C256} = {827E0CD3-B72D-47B6-A68D-7590B98EB39B}
		{25000F43-7AF1-4CFB-A32B-D0D9533A7BA9} = {827E0CD3-B72D-47B6-A68D-7590B98EB39B}
		{C79C3622-AC92-5B3C-4F71-0BD0E7B3816F} = {827E0CD3-B72D-47B6-A68D-7590B98EB39B}
		{17D1DEB9-CC4E-49D7-A23D-5DDD4086005F} = {C79C3622-AC92-5B3C-4F71-0BD0E7B3816F}
		{7913BCA9-C10B-42B7-A9B8-76EC63EE6CCC} = {C79C3622-AC92-5B3C-4F71-0BD0E7B3816F}
		{DF88CFC3-B7E0-46C9-BAF0-AE3907DF9D2A} = {C79C3622-AC92-5B3C-4F71-0BD0E7B3816F}
		{72434CBA-CD19-4612-AEEA-507A2559D1B7} = {0AB3BF05-4346-4AA6-1389-037BE0695223}
		{4B995864-B4DF-4954-83F6-A3BD8BA928A0} = {0AB3BF05-4346-4AA6-1389-037BE0695223}
		{C60F31D8-8C1F-EC92-E90D-A37B49B11DC6} = {0AB3BF05-4346-4AA6-1389-037BE0695223}
		{897EA0C6-4A94-4857-9461-B4D3744532A2} = {C60F31D8-8C1F-EC92-E90D-A37B49B11DC6}
		{9D556B49-86D1-93A7-9596-FFAAB74EC556} = {0AB3BF05-4346-4AA6-1389-037BE0695223}
		{D494610E-4B10-4067-9461-EF8407BEA8BD} = {9D556B49-86D1-93A7-9596-FFAAB74EC556}
		{9C6D0C53-E9CC-4BD4-9C8B-EA1F453B5F61} = {827E0CD3-B72D-47B6-A68D-7590B98EB39B}
		{5B1F52AB-7EDD-45ED-AE6F-E6501CD55288} = {9D556B49-86D1-93A7-9596-FFAAB74EC556}
		{F21FBDEF-1FB0-4296-B225-8440D65A518D} = {9D556B49-86D1-93A7-9596-FFAAB74EC556}
		{C61ABB8F-D0FA-45C7-AB75-DF48BFD31900} = {9D556B49-86D1-93A7-9596-FFAAB74EC556}
	EndGlobalSection
EndGlobal
